
Microsoft Visual Studio Solution File, Format Version 12.00
Project("{FAE04EC0-301F-11D3-BF4B-00C04F79EFBC}") = "EfficientStamper", "EfficientStamper\EfficientStamper.csproj", "{EA840617-D12B-4D0C-B451-44E36D62F89C}"
EndProject
Global
	GlobalSection(SolutionConfigurationPlatforms) = preSolution
		Debug|Any CPU = Debug|Any CPU
		Release|Any CPU = Release|Any CPU
	EndGlobalSection
	GlobalSection(ProjectConfigurationPlatforms) = postSolution
		{EA840617-D12B-4D0C-B451-44E36D62F89C}.Debug|Any CPU.ActiveCfg = Debug|Any CPU
		{EA840617-D12B-4D0C-B451-44E36D62F89C}.Debug|Any CPU.Build.0 = Debug|Any CPU
		{EA840617-D12B-4D0C-B451-44E36D62F89C}.Release|Any CPU.ActiveCfg = Release|Any CPU
		{EA840617-D12B-4D0C-B451-44E36D62F89C}.Release|Any CPU.Build.0 = Release|Any CPU
	EndGlobalSection
EndGlobal
